<?xml version="1.0" encoding="UTF-8" standalone="yes" ?>
<CodeBlocks_project_file>
	<FileVersion major="1" minor="6" />
	<Project>
		<Option title="fastwiper" />
		<Option pch_mode="2" />
		<Option compiler="mingw-w64_32_bit" />
		<Build>
			<Target title="Release">
				<Option output="bin/Release/32/fastwiper" prefix_auto="1" extension_auto="1" />
				<Option object_output="obj/Release/" />
				<Option type="1" />
				<Option compiler="mingw-w64_32_bit" />
			</Target>
		</Build>
		<Compiler>
			<Add option="-Wall" />
		</Compiler>
		<Linker>
			<Add option="-static-libgcc" />
			<Add option="-static" />
		</Linker>
		<Unit filename="fastwiper.c">
			<Option compilerVar="CC" />
		</Unit>
		<Extensions>
			<code_completion />
			<envvars />
			<debugger />
		</Extensions>
	</Project>
</CodeBlocks_project_file>
